
Microsoft Visual Studio Solution File, Format Version 12.00
# Visual Studio 15
VisualStudioVersion = 15.0.28307.539
MinimumVisualStudioVersion = 10.0.40219.1
Project("{FAE04EC0-301F-11D3-BF4B-00C04F79EFBC}") = "HalloGitHub2", "HalloGitHub2\HalloGitHub2.csproj", "{619B52C0-8D24-438C-93CA-3AD058D3B57A}"
EndProject
Global
	GlobalSection(SolutionConfigurationPlatforms) = preSolution
		Debug|Any CPU = Debug|Any CPU
		Release|Any CPU = Release|Any CPU
	EndGlobalSection
	GlobalSection(ProjectConfigurationPlatforms) = postSolution
		{619B52C0-8D24-438C-93CA-3AD058D3B57A}.Debug|Any CPU.ActiveCfg = Debug|Any CPU
		{619B52C0-8D24-438C-93CA-3AD058D3B57A}.Debug|Any CPU.Build.0 = Debug|Any CPU
		{619B52C0-8D24-438C-93CA-3AD058D3B57A}.Release|Any CPU.ActiveCfg = Release|Any CPU
		{619B52C0-8D24-438C-93CA-3AD058D3B57A}.Release|Any CPU.Build.0 = Release|Any CPU
	EndGlobalSection
	GlobalSection(SolutionProperties) = preSolution
		HideSolutionNode = FALSE
	EndGlobalSection
	GlobalSection(ExtensibilityGlobals) = postSolution
		SolutionGuid = {A10335CE-5307-4447-AB5D-9D6EAC290FC1}
	EndGlobalSection
EndGlobal
